
Microsoft Visual Studio Solution File, Format Version 12.00
# Visual Studio 15
VisualStudioVersion = 15.0.28307.329
MinimumVisualStudioVersion = 10.0.40219.1
Project("{FAE04EC0-301F-11D3-BF4B-00C04F79EFBC}") = "AarhusWebDevCoop", "AarhusWebDevCoop\AarhusWebDevCoop.csproj", "{7A353E33-ACCB-4DB3-9BF2-44E69EA33131}"
EndProject
Global
	GlobalSection(SolutionConfigurationPlatforms) = preSolution
		Debug|Any CPU = Debug|Any CPU
		Release|Any CPU = Release|Any CPU
	EndGlobalSection
	GlobalSection(ProjectConfigurationPlatforms) = postSolution
		{7A353E33-ACCB-4DB3-9BF2-44E69EA33131}.Debug|Any CPU.ActiveCfg = Debug|Any CPU
		{7A353E33-ACCB-4DB3-9BF2-44E69EA33131}.Debug|Any CPU.Build.0 = Debug|Any CPU
		{7A353E33-ACCB-4DB3-9BF2-44E69EA33131}.Release|Any CPU.ActiveCfg = Release|Any CPU
		{7A353E33-ACCB-4DB3-9BF2-44E69EA33131}.Release|Any CPU.Build.0 = Release|Any CPU
	EndGlobalSection
	GlobalSection(SolutionProperties) = preSolution
		HideSolutionNode = FALSE
	EndGlobalSection
	GlobalSection(ExtensibilityGlobals) = postSolution
		SolutionGuid = {688ECE0C-0ECB-45A1-9F18-E197AD882EA9}
	EndGlobalSection
EndGlobal
